
Microsoft Visual Studio Solution File, Format Version 12.00
# Visual Studio Version 17
VisualStudioVersion = 17.5.33530.505
MinimumVisualStudioVersion = 10.0.40219.1
Project("{FAE04EC0-301F-11D3-BF4B-00C04F79EFBC}") = "Dynamic-Modeling", "Dynamic-Modeling\Dynamic-Modeling.csproj", "{28A4C86D-90A2-41B5-9534-D7D01D63494C}"
EndProject
Global
	GlobalSection(SolutionConfigurationPlatforms) = preSolution
		Debug|Any CPU = Debug|Any CPU
		Release|Any CPU = Release|Any CPU
	EndGlobalSection
	GlobalSection(ProjectConfigurationPlatforms) = postSolution
		{28A4C86D-90A2-41B5-9534-D7D01D63494C}.Debug|Any CPU.ActiveCfg = Debug|Any CPU
		{28A4C86D-90A2-41B5-9534-D7D01D63494C}.Debug|Any CPU.Build.0 = Debug|Any CPU
		{28A4C86D-90A2-41B5-9534-D7D01D63494C}.Release|Any CPU.ActiveCfg = Release|Any CPU
		{28A4C86D-90A2-41B5-9534-D7D01D63494C}.Release|Any CPU.Build.0 = Release|Any CPU
	EndGlobalSection
	GlobalSection(SolutionProperties) = preSolution
		HideSolutionNode = FALSE
	EndGlobalSection
	GlobalSection(ExtensibilityGlobals) = postSolution
		SolutionGuid = {3512C5D8-374E-4678-86DD-A2327426C382}
	EndGlobalSection
EndGlobal
